
Microsoft Visual Studio Solution File, Format Version 12.00
# Visual Studio Version 17
VisualStudioVersion = 17.2.32630.192
MinimumVisualStudioVersion = 10.0.40219.1
Project("{FAE04EC0-301F-11D3-BF4B-00C04F79EFBC}") = "OnlineShop.API", "OnlineShop.API\OnlineShop.API.csproj", "{3A1D1AC1-A99D-4DB0-AA54-F2EDCC59A410}"
EndProject
Project("{FAE04EC0-301F-11D3-BF4B-00C04F79EFBC}") = "OnlineShop.Domain", "OnlineShop.Domain\OnlineShop.Domain.csproj", "{6FD79857-D947-4BCE-9E6E-F6ED300BC81D}"
EndProject
Project("{FAE04EC0-301F-11D3-BF4B-00C04F79EFBC}") = "OnlineShop.Bll", "OnlineShop.Bll\OnlineShop.Bll.csproj", "{17C3C025-8B29-4D5C-BFBF-550A1330A602}"
EndProject
Project("{FAE04EC0-301F-11D3-BF4B-00C04F79EFBC}") = "OnlineShop.Dal", "OnlineShop.Dal\OnlineShop.Dal.csproj", "{2DE8978B-EDD8-4701-8CB9-A760AE3A6B8E}"
EndProject
Project("{FAE04EC0-301F-11D3-BF4B-00C04F79EFBC}") = "OnlineShop.Common", "OnlineShop.Common\OnlineShop.Common.csproj", "{48803C00-4D30-42EB-B47D-EADEDB3776C2}"
EndProject
Global
	GlobalSection(SolutionConfigurationPlatforms) = preSolution
		Debug|Any CPU = Debug|Any CPU
		Release|Any CPU = Release|Any CPU
	EndGlobalSection
	GlobalSection(ProjectConfigurationPlatforms) = postSolution
		{3A1D1AC1-A99D-4DB0-AA54-F2EDCC59A410}.Debug|Any CPU.ActiveCfg = Debug|Any CPU
		{3A1D1AC1-A99D-4DB0-AA54-F2EDCC59A410}.Debug|Any CPU.Build.0 = Debug|Any CPU
		{3A1D1AC1-A99D-4DB0-AA54-F2EDCC59A410}.Release|Any CPU.ActiveCfg = Release|Any CPU
		{3A1D1AC1-A99D-4DB0-AA54-F2EDCC59A410}.Release|Any CPU.Build.0 = Release|Any CPU
		{6FD79857-D947-4BCE-9E6E-F6ED300BC81D}.Debug|Any CPU.ActiveCfg = Debug|Any CPU
		{6FD79857-D947-4BCE-9E6E-F6ED300BC81D}.Debug|Any CPU.Build.0 = Debug|Any CPU
		{6FD79857-D947-4BCE-9E6E-F6ED300BC81D}.Release|Any CPU.ActiveCfg = Release|Any CPU
		{6FD79857-D947-4BCE-9E6E-F6ED300BC81D}.Release|Any CPU.Build.0 = Release|Any CPU
		{17C3C025-8B29-4D5C-BFBF-550A1330A602}.Debug|Any CPU.ActiveCfg = Debug|Any CPU
		{17C3C025-8B29-4D5C-BFBF-550A1330A602}.Debug|Any CPU.Build.0 = Debug|Any CPU
		{17C3C025-8B29-4D5C-BFBF-550A1330A602}.Release|Any CPU.ActiveCfg = Release|Any CPU
		{17C3C025-8B29-4D5C-BFBF-550A1330A602}.Release|Any CPU.Build.0 = Release|Any CPU
		{2DE8978B-EDD8-4701-8CB9-A760AE3A6B8E}.Debug|Any CPU.ActiveCfg = Debug|Any CPU
		{2DE8978B-EDD8-4701-8CB9-A760AE3A6B8E}.Debug|Any CPU.Build.0 = Debug|Any CPU
		{2DE8978B-EDD8-4701-8CB9-A760AE3A6B8E}.Release|Any CPU.ActiveCfg = Release|Any CPU
		{2DE8978B-EDD8-4701-8CB9-A760AE3A6B8E}.Release|Any CPU.Build.0 = Release|Any CPU
		{48803C00-4D30-42EB-B47D-EADEDB3776C2}.Debug|Any CPU.ActiveCfg = Debug|Any CPU
		{48803C00-4D30-42EB-B47D-EADEDB3776C2}.Debug|Any CPU.Build.0 = Debug|Any CPU
		{48803C00-4D30-42EB-B47D-EADEDB3776C2}.Release|Any CPU.ActiveCfg = Release|Any CPU
		{48803C00-4D30-42EB-B47D-EADEDB3776C2}.Release|Any CPU.Build.0 = Release|Any CPU
	EndGlobalSection
	GlobalSection(SolutionProperties) = preSolution
		HideSolutionNode = FALSE
	EndGlobalSection
	GlobalSection(ExtensibilityGlobals) = postSolution
		SolutionGuid = {940735F4-8872-4447-87C2-0368BBC1F571}
	EndGlobalSection
EndGlobal
